
Microsoft Visual Studio Solution File, Format Version 12.00
# Visual Studio Version 16
VisualStudioVersion = 16.0.30517.126
MinimumVisualStudioVersion = 10.0.40219.1
Project("{9A19103F-16F7-4668-BE54-9A1E7A4F7556}") = "MiniBlog", "MiniBlog\MiniBlog.csproj", "{E4B28C17-7ECC-48EE-AFD0-A954321CC95B}"
EndProject
Project("{9A19103F-16F7-4668-BE54-9A1E7A4F7556}") = "MiniBlog.Core", "MiniBlog.Core\MiniBlog.Core.csproj", "{F2B3065B-1814-4ECB-BF4B-5E3AD4B0B35C}"
EndProject
Project("{9A19103F-16F7-4668-BE54-9A1E7A4F7556}") = "MiniBlog.Data", "MiniBlog.Data\MiniBlog.Data.csproj", "{2B60DCAA-7878-42FE-B2C3-8E918C4AAF55}"
EndProject
Project("{FAE04EC0-301F-11D3-BF4B-00C04F79EFBC}") = "MiniBlog.Tests", "MiniBlog.Tests\MiniBlog.Tests.csproj", "{709DDF99-1678-4E16-B9E7-7C3ECE1A4B97}"
EndProject
Global
	GlobalSection(SolutionConfigurationPlatforms) = preSolution
		Debug|Any CPU = Debug|Any CPU
		Release|Any CPU = Release|Any CPU
	EndGlobalSection
	GlobalSection(ProjectConfigurationPlatforms) = postSolution
		{E4B28C17-7ECC-48EE-AFD0-A954321CC95B}.Debug|Any CPU.ActiveCfg = Debug|Any CPU
		{E4B28C17-7ECC-48EE-AFD0-A954321CC95B}.Debug|Any CPU.Build.0 = Debug|Any CPU
		{E4B28C17-7ECC-48EE-AFD0-A954321CC95B}.Release|Any CPU.ActiveCfg = Release|Any CPU
		{E4B28C17-7ECC-48EE-AFD0-A954321CC95B}.Release|Any CPU.Build.0 = Release|Any CPU
		{F2B3065B-1814-4ECB-BF4B-5E3AD4B0B35C}.Debug|Any CPU.ActiveCfg = Debug|Any CPU
		{F2B3065B-1814-4ECB-BF4B-5E3AD4B0B35C}.Debug|Any CPU.Build.0 = Debug|Any CPU
		{F2B3065B-1814-4ECB-BF4B-5E3AD4B0B35C}.Release|Any CPU.ActiveCfg = Release|Any CPU
		{F2B3065B-1814-4ECB-BF4B-5E3AD4B0B35C}.Release|Any CPU.Build.0 = Release|Any CPU
		{2B60DCAA-7878-42FE-B2C3-8E918C4AAF55}.Debug|Any CPU.ActiveCfg = Debug|Any CPU
		{2B60DCAA-7878-42FE-B2C3-8E918C4AAF55}.Debug|Any CPU.Build.0 = Debug|Any CPU
		{2B60DCAA-7878-42FE-B2C3-8E918C4AAF55}.Release|Any CPU.ActiveCfg = Release|Any CPU
		{2B60DCAA-7878-42FE-B2C3-8E918C4AAF55}.Release|Any CPU.Build.0 = Release|Any CPU
		{709DDF99-1678-4E16-B9E7-7C3ECE1A4B97}.Debug|Any CPU.ActiveCfg = Debug|Any CPU
		{709DDF99-1678-4E16-B9E7-7C3ECE1A4B97}.Debug|Any CPU.Build.0 = Debug|Any CPU
		{709DDF99-1678-4E16-B9E7-7C3ECE1A4B97}.Release|Any CPU.ActiveCfg = Release|Any CPU
		{709DDF99-1678-4E16-B9E7-7C3ECE1A4B97}.Release|Any CPU.Build.0 = Release|Any CPU
	EndGlobalSection
	GlobalSection(SolutionProperties) = preSolution
		HideSolutionNode = FALSE
	EndGlobalSection
	GlobalSection(ExtensibilityGlobals) = postSolution
		SolutionGuid = {4827F12F-86DC-450A-A319-2572AB55B7C9}
	EndGlobalSection
EndGlobal
